// !$*UTF8*$!
{
	archiveVersion = 1;
	classes = {
	};
	objectVersion = 56;
	objects = {

/* Begin PBXBuildFile section */
		3E6944402A4B56FD001932FC /* newItem.png in Resources */ = {isa = PBXBuildFile; fileRef = 3E69443F2A4B56FD001932FC /* newItem.png */; };
		3E6944422A4B5807001932FC /* todolist.png in Resources */ = {isa = PBXBuildFile; fileRef = 3E6944412A4B5807001932FC /* todolist.png */; };
		3E6944452A4B5875001932FC /* login.png in Resources */ = {isa = PBXBuildFile; fileRef = 3E6944432A4B5875001932FC /* login.png */; };
		3E6944462A4B5875001932FC /* register.png in Resources */ = {isa = PBXBuildFile; fileRef = 3E6944442A4B5875001932FC /* register.png */; };
		3E6AD1D42A486215005CF948 /* TODOListApp.swift in Sources */ = {isa = PBXBuildFile; fileRef = 3E6AD1D32A486215005CF948 /* TODOListApp.swift */; };
		3E6AD1D62A486215005CF948 /* MainView.swift in Sources */ = {isa = PBXBuildFile; fileRef = 3E6AD1D52A486215005CF948 /* MainView.swift */; };
		3E6AD1D82A486218005CF948 /* Assets.xcassets in Resources */ = {isa = PBXBuildFile; fileRef = 3E6AD1D72A486218005CF948 /* Assets.xcassets */; };
		3E6AD1DB2A486218005CF948 /* Preview Assets.xcassets in Resources */ = {isa = PBXBuildFile; fileRef = 3E6AD1DA2A486218005CF948 /* Preview Assets.xcassets */; };
		3E6AD1E52A486218005CF948 /* TODOListTests.swift in Sources */ = {isa = PBXBuildFile; fileRef = 3E6AD1E42A486218005CF948 /* TODOListTests.swift */; };
		3E6AD1EF2A486218005CF948 /* TODOListUITests.swift in Sources */ = {isa = PBXBuildFile; fileRef = 3E6AD1EE2A486218005CF948 /* TODOListUITests.swift */; };
		3E6AD1F12A486218005CF948 /* TODOListUITestsLaunchTests.swift in Sources */ = {isa = PBXBuildFile; fileRef = 3E6AD1F02A486218005CF948 /* TODOListUITestsLaunchTests.swift */; };
		3E6AD1FF2A486470005CF948 /* FirebaseAuth in Frameworks */ = {isa = PBXBuildFile; productRef = 3E6AD1FE2A486470005CF948 /* FirebaseAuth */; };
		3E6AD2012A486470005CF948 /* FirebaseFirestore in Frameworks */ = {isa = PBXBuildFile; productRef = 3E6AD2002A486470005CF948 /* FirebaseFirestore */; };
		3E6AD2032A486470005CF948 /* FirebaseFirestoreSwift in Frameworks */ = {isa = PBXBuildFile; productRef = 3E6AD2022A486470005CF948 /* FirebaseFirestoreSwift */; };
		3E6AD2052A4866A6005CF948 /* GoogleService-Info.plist in Resources */ = {isa = PBXBuildFile; fileRef = 3E6AD2042A4866A6005CF948 /* GoogleService-Info.plist */; };
		3E6AD20B2A486812005CF948 /* ProfileView.swift in Sources */ = {isa = PBXBuildFile; fileRef = 3E6AD20A2A486812005CF948 /* ProfileView.swift */; };
		3E6AD20D2A486857005CF948 /* LoginView.swift in Sources */ = {isa = PBXBuildFile; fileRef = 3E6AD20C2A486857005CF948 /* LoginView.swift */; };
		3E6AD20F2A486871005CF948 /* RegisterView.swift in Sources */ = {isa = PBXBuildFile; fileRef = 3E6AD20E2A486871005CF948 /* RegisterView.swift */; };
		3E6AD2112A486892005CF948 /* ToDoListView.swift in Sources */ = {isa = PBXBuildFile; fileRef = 3E6AD2102A486892005CF948 /* ToDoListView.swift */; };
		3E6AD2132A4868FD005CF948 /* ToDoListItemView.swift in Sources */ = {isa = PBXBuildFile; fileRef = 3E6AD2122A4868FD005CF948 /* ToDoListItemView.swift */; };
		3E6AD2152A486923005CF948 /* User.swift in Sources */ = {isa = PBXBuildFile; fileRef = 3E6AD2142A486923005CF948 /* User.swift */; };
		3E6AD2172A48693D005CF948 /* ToDoListItem.swift in Sources */ = {isa = PBXBuildFile; fileRef = 3E6AD2162A48693D005CF948 /* ToDoListItem.swift */; };
		3E6AD2192A486957005CF948 /* MainViewModel.swift in Sources */ = {isa = PBXBuildFile; fileRef = 3E6AD2182A486957005CF948 /* MainViewModel.swift */; };
		3E6AD21B2A486966005CF948 /* ProfileViewModel.swift in Sources */ = {isa = PBXBuildFile; fileRef = 3E6AD21A2A486966005CF948 /* ProfileViewModel.swift */; };
		3E6AD21D2A48698F005CF948 /* RegisterViewModel.swift in Sources */ = {isa = PBXBuildFile; fileRef = 3E6AD21C2A48698F005CF948 /* RegisterViewModel.swift */; };
		3E6AD21F2A4869A3005CF948 /* ToDoListViewModel.swift in Sources */ = {isa = PBXBuildFile; fileRef = 3E6AD21E2A4869A3005CF948 /* ToDoListViewModel.swift */; };
		3E6AD2212A4869BA005CF948 /* ToDoListItemViewModel.swift in Sources */ = {isa = PBXBuildFile; fileRef = 3E6AD2202A4869BA005CF948 /* ToDoListItemViewModel.swift */; };
		3E6AD2232A487440005CF948 /* HeaderView.swift in Sources */ = {isa = PBXBuildFile; fileRef = 3E6AD2222A487440005CF948 /* HeaderView.swift */; };
		3E6AD2252A48ACFB005CF948 /* CustomButton.swift in Sources */ = {isa = PBXBuildFile; fileRef = 3E6AD2242A48ACFB005CF948 /* CustomButton.swift */; };
		3E6AD2272A48B0A9005CF948 /* LoginViewModel.swift in Sources */ = {isa = PBXBuildFile; fileRef = 3E6AD2262A48B0A9005CF948 /* LoginViewModel.swift */; };
		3E6AD2292A48BCD7005CF948 /* Extensions.swift in Sources */ = {isa = PBXBuildFile; fileRef = 3E6AD2282A48BCD7005CF948 /* Extensions.swift */; };
		3E6AD22B2A498EEE005CF948 /* NewItemViewModel.swift in Sources */ = {isa = PBXBuildFile; fileRef = 3E6AD22A2A498EEE005CF948 /* NewItemViewModel.swift */; };
		3E6AD22D2A4995B1005CF948 /* NewItemView.swift in Sources */ = {isa = PBXBuildFile; fileRef = 3E6AD22C2A4995B1005CF948 /* NewItemView.swift */; };
/* End PBXBuildFile section */

/* Begin PBXContainerItemProxy section */
		3E6AD1E12A486218005CF948 /* PBXContainerItemProxy */ = {
			isa = PBXContainerItemProxy;
			containerPortal = 3E6AD1C82A486215005CF948 /* Project object */;
			proxyType = 1;
			remoteGlobalIDString = 3E6AD1CF2A486215005CF948;
			remoteInfo = TODOList;
		};
		3E6AD1EB2A486218005CF948 /* PBXContainerItemProxy */ = {
			isa = PBXContainerItemProxy;
			containerPortal = 3E6AD1C82A486215005CF948 /* Project object */;
			proxyType = 1;
			remoteGlobalIDString = 3E6AD1CF2A486215005CF948;
			remoteInfo = TODOList;
		};
/* End PBXContainerItemProxy section */

/* Begin PBXFileReference section */
		3E69443F2A4B56FD001932FC /* newItem.png */ = {isa = PBXFileReference; lastKnownFileType = image.png; path = newItem.png; sourceTree = "<group>"; };
		3E6944412A4B5807001932FC /* todolist.png */ = {isa = PBXFileReference; lastKnownFileType = image.png; path = todolist.png; sourceTree = "<group>"; };
		3E6944432A4B5875001932FC /* login.png */ = {isa = PBXFileReference; lastKnownFileType = image.png; path = login.png; sourceTree = "<group>"; };
		3E6944442A4B5875001932FC /* register.png */ = {isa = PBXFileReference; lastKnownFileType = image.png; path = register.png; sourceTree = "<group>"; };
		3E6AD1D02A486215005CF948 /* TODOList.app */ = {isa = PBXFileReference; explicitFileType = wrapper.application; includeInIndex = 0; path = TODOList.app; sourceTree = BUILT_PRODUCTS_DIR; };
		3E6AD1D32A486215005CF948 /* TODOListApp.swift */ = {isa = PBXFileReference; lastKnownFileType = sourcecode.swift; path = TODOListApp.swift; sourceTree = "<group>"; };
		3E6AD1D52A486215005CF948 /* MainView.swift */ = {isa = PBXFileReference; lastKnownFileType = sourcecode.swift; path = MainView.swift; sourceTree = "<group>"; };
		3E6AD1D72A486218005CF948 /* Assets.xcassets */ = {isa = PBXFileReference; lastKnownFileType = folder.assetcatalog; path = Assets.xcassets; sourceTree = "<group>"; };
		3E6AD1DA2A486218005CF948 /* Preview Assets.xcassets */ = {isa = PBXFileReference; lastKnownFileType = folder.assetcatalog; path = "Preview Assets.xcassets"; sourceTree = "<group>"; };
		3E6AD1E02A486218005CF948 /* TODOListTests.xctest */ = {isa = PBXFileReference; explicitFileType = wrapper.cfbundle; includeInIndex = 0; path = TODOListTests.xctest; sourceTree = BUILT_PRODUCTS_DIR; };
		3E6AD1E42A486218005CF948 /* TODOListTests.swift */ = {isa = PBXFileReference; lastKnownFileType = sourcecode.swift; path = TODOListTests.swift; sourceTree = "<group>"; };
		3E6AD1EA2A486218005CF948 /* TODOListUITests.xctest */ = {isa = PBXFileReference; explicitFileType = wrapper.cfbundle; includeInIndex = 0; path = TODOListUITests.xctest; sourceTree = BUILT_PRODUCTS_DIR; };
		3E6AD1EE2A486218005CF948 /* TODOListUITests.swift */ = {isa = PBXFileReference; lastKnownFileType = sourcecode.swift; path = TODOListUITests.swift; sourceTree = "<group>"; };
		3E6AD1F02A486218005CF948 /* TODOListUITestsLaunchTests.swift */ = {isa = PBXFileReference; lastKnownFileType = sourcecode.swift; path = TODOListUITestsLaunchTests.swift; sourceTree = "<group>"; };
		3E6AD2042A4866A6005CF948 /* GoogleService-Info.plist */ = {isa = PBXFileReference; fileEncoding = 4; lastKnownFileType = text.plist.xml; path = "GoogleService-Info.plist"; sourceTree = "<group>"; };
		3E6AD20A2A486812005CF948 /* ProfileView.swift */ = {isa = PBXFileReference; lastKnownFileType = sourcecode.swift; path = ProfileView.swift; sourceTree = "<group>"; };
		3E6AD20C2A486857005CF948 /* LoginView.swift */ = {isa = PBXFileReference; lastKnownFileType = sourcecode.swift; path = LoginView.swift; sourceTree = "<group>"; };
		3E6AD20E2A486871005CF948 /* RegisterView.swift */ = {isa = PBXFileReference; lastKnownFileType = sourcecode.swift; path = RegisterView.swift; sourceTree = "<group>"; };
		3E6AD2102A486892005CF948 /* ToDoListView.swift */ = {isa = PBXFileReference; lastKnownFileType = sourcecode.swift; path = ToDoListView.swift; sourceTree = "<group>"; };
		3E6AD2122A4868FD005CF948 /* ToDoListItemView.swift */ = {isa = PBXFileReference; lastKnownFileType = sourcecode.swift; path = ToDoListItemView.swift; sourceTree = "<group>"; };
		3E6AD2142A486923005CF948 /* User.swift */ = {isa = PBXFileReference; lastKnownFileType = sourcecode.swift; path = User.swift; sourceTree = "<group>"; };
		3E6AD2162A48693D005CF948 /* ToDoListItem.swift */ = {isa = PBXFileReference; lastKnownFileType = sourcecode.swift; path = ToDoListItem.swift; sourceTree = "<group>"; };
		3E6AD2182A486957005CF948 /* MainViewModel.swift */ = {isa = PBXFileReference; lastKnownFileType = sourcecode.swift; path = MainViewModel.swift; sourceTree = "<group>"; };
		3E6AD21A2A486966005CF948 /* ProfileViewModel.swift */ = {isa = PBXFileReference; lastKnownFileType = sourcecode.swift; path = ProfileViewModel.swift; sourceTree = "<group>"; };
		3E6AD21C2A48698F005CF948 /* RegisterViewModel.swift */ = {isa = PBXFileReference; lastKnownFileType = sourcecode.swift; path = RegisterViewModel.swift; sourceTree = "<group>"; };
		3E6AD21E2A4869A3005CF948 /* ToDoListViewModel.swift */ = {isa = PBXFileReference; lastKnownFileType = sourcecode.swift; path = ToDoListViewModel.swift; sourceTree = "<group>"; };
		3E6AD2202A4869BA005CF948 /* ToDoListItemViewModel.swift */ = {isa = PBXFileReference; lastKnownFileType = sourcecode.swift; path = ToDoListItemViewModel.swift; sourceTree = "<group>"; };
		3E6AD2222A487440005CF948 /* HeaderView.swift */ = {isa = PBXFileReference; lastKnownFileType = sourcecode.swift; path = HeaderView.swift; sourceTree = "<group>"; };
		3E6AD2242A48ACFB005CF948 /* CustomButton.swift */ = {isa = PBXFileReference; lastKnownFileType = sourcecode.swift; path = CustomButton.swift; sourceTree = "<group>"; };
		3E6AD2262A48B0A9005CF948 /* LoginViewModel.swift */ = {isa = PBXFileReference; lastKnownFileType = sourcecode.swift; path = LoginViewModel.swift; sourceTree = "<group>"; };
		3E6AD2282A48BCD7005CF948 /* Extensions.swift */ = {isa = PBXFileReference; lastKnownFileType = sourcecode.swift; path = Extensions.swift; sourceTree = "<group>"; };
		3E6AD22A2A498EEE005CF948 /* NewItemViewModel.swift */ = {isa = PBXFileReference; lastKnownFileType = sourcecode.swift; path = NewItemViewModel.swift; sourceTree = "<group>"; };
		3E6AD22C2A4995B1005CF948 /* NewItemView.swift */ = {isa = PBXFileReference; lastKnownFileType = sourcecode.swift; path = NewItemView.swift; sourceTree = "<group>"; };
/* End PBXFileReference section */

/* Begin PBXFrameworksBuildPhase section */
		3E6AD1CD2A486215005CF948 /* Frameworks */ = {
			isa = PBXFrameworksBuildPhase;
			buildActionMask = 2147483647;
			files = (
				3E6AD1FF2A486470005CF948 /* FirebaseAuth in Frameworks */,
				3E6AD2012A486470005CF948 /* FirebaseFirestore in Frameworks */,
				3E6AD2032A486470005CF948 /* FirebaseFirestoreSwift in Frameworks */,
			);
			runOnlyForDeploymentPostprocessing = 0;
		};
		3E6AD1DD2A486218005CF948 /* Frameworks */ = {
			isa = PBXFrameworksBuildPhase;
			buildActionMask = 2147483647;
			files = (
			);
			runOnlyForDeploymentPostprocessing = 0;
		};
		3E6AD1E72A486218005CF948 /* Frameworks */ = {
			isa = PBXFrameworksBuildPhase;
			buildActionMask = 2147483647;
			files = (
			);
			runOnlyForDeploymentPostprocessing = 0;
		};
/* End PBXFrameworksBuildPhase section */

/* Begin PBXGroup section */
		3E69443E2A4B56A7001932FC /* Screenshot */ = {
			isa = PBXGroup;
			children = (
				3E6944412A4B5807001932FC /* todolist.png */,
				3E69443F2A4B56FD001932FC /* newItem.png */,
				3E6944432A4B5875001932FC /* login.png */,
				3E6944442A4B5875001932FC /* register.png */,
			);
			path = Screenshot;
			sourceTree = "<group>";
		};
		3E6AD1C72A486215005CF948 = {
			isa = PBXGroup;
			children = (
				3E6AD1D22A486215005CF948 /* TODOList */,
				3E6AD1E32A486218005CF948 /* TODOListTests */,
				3E6AD1ED2A486218005CF948 /* TODOListUITests */,
				3E6AD1D12A486215005CF948 /* Products */,
			);
			sourceTree = "<group>";
		};
		3E6AD1D12A486215005CF948 /* Products */ = {
			isa = PBXGroup;
			children = (
				3E6AD1D02A486215005CF948 /* TODOList.app */,
				3E6AD1E02A486218005CF948 /* TODOListTests.xctest */,
				3E6AD1EA2A486218005CF948 /* TODOListUITests.xctest */,
			);
			name = Products;
			sourceTree = "<group>";
		};
		3E6AD1D22A486215005CF948 /* TODOList */ = {
			isa = PBXGroup;
			children = (
				3E69443E2A4B56A7001932FC /* Screenshot */,
				3E6AD2092A486799005CF948 /* Other */,
				3E6AD2082A486790005CF948 /* Models */,
				3E6AD2072A486773005CF948 /* ViewModels */,
				3E6AD2062A486769005CF948 /* Views */,
				3E6AD1D92A486218005CF948 /* Preview Content */,
			);
			path = TODOList;
			sourceTree = "<group>";
		};
		3E6AD1D92A486218005CF948 /* Preview Content */ = {
			isa = PBXGroup;
			children = (
				3E6AD1DA2A486218005CF948 /* Preview Assets.xcassets */,
			);
			path = "Preview Content";
			sourceTree = "<group>";
		};
		3E6AD1E32A486218005CF948 /* TODOListTests */ = {
			isa = PBXGroup;
			children = (
				3E6AD1E42A486218005CF948 /* TODOListTests.swift */,
			);
			path = TODOListTests;
			sourceTree = "<group>";
		};
		3E6AD1ED2A486218005CF948 /* TODOListUITests */ = {
			isa = PBXGroup;
			children = (
				3E6AD1EE2A486218005CF948 /* TODOListUITests.swift */,
				3E6AD1F02A486218005CF948 /* TODOListUITestsLaunchTests.swift */,
			);
			path = TODOListUITests;
			sourceTree = "<group>";
		};
		3E6AD2062A486769005CF948 /* Views */ = {
			isa = PBXGroup;
			children = (
				3E6AD1D52A486215005CF948 /* MainView.swift */,
				3E6AD20A2A486812005CF948 /* ProfileView.swift */,
				3E6AD20C2A486857005CF948 /* LoginView.swift */,
				3E6AD20E2A486871005CF948 /* RegisterView.swift */,
				3E6AD2102A486892005CF948 /* ToDoListView.swift */,
				3E6AD2122A4868FD005CF948 /* ToDoListItemView.swift */,
				3E6AD2222A487440005CF948 /* HeaderView.swift */,
				3E6AD2242A48ACFB005CF948 /* CustomButton.swift */,
				3E6AD22C2A4995B1005CF948 /* NewItemView.swift */,
			);
			path = Views;
			sourceTree = "<group>";
		};
		3E6AD2072A486773005CF948 /* ViewModels */ = {
			isa = PBXGroup;
			children = (
				3E6AD2182A486957005CF948 /* MainViewModel.swift */,
				3E6AD21A2A486966005CF948 /* ProfileViewModel.swift */,
				3E6AD21C2A48698F005CF948 /* RegisterViewModel.swift */,
				3E6AD21E2A4869A3005CF948 /* ToDoListViewModel.swift */,
				3E6AD2202A4869BA005CF948 /* ToDoListItemViewModel.swift */,
				3E6AD2262A48B0A9005CF948 /* LoginViewModel.swift */,
				3E6AD22A2A498EEE005CF948 /* NewItemViewModel.swift */,
			);
			path = ViewModels;
			sourceTree = "<group>";
		};
		3E6AD2082A486790005CF948 /* Models */ = {
			isa = PBXGroup;
			children = (
				3E6AD2142A486923005CF948 /* User.swift */,
				3E6AD2162A48693D005CF948 /* ToDoListItem.swift */,
			);
			path = Models;
			sourceTree = "<group>";
		};
		3E6AD2092A486799005CF948 /* Other */ = {
			isa = PBXGroup;
			children = (
				3E6AD1D72A486218005CF948 /* Assets.xcassets */,
				3E6AD2042A4866A6005CF948 /* GoogleService-Info.plist */,
				3E6AD1D32A486215005CF948 /* TODOListApp.swift */,
				3E6AD2282A48BCD7005CF948 /* Extensions.swift */,
			);
			path = Other;
			sourceTree = "<group>";
		};
/* End PBXGroup section */

/* Begin PBXNativeTarget section */
		3E6AD1CF2A486215005CF948 /* TODOList */ = {
			isa = PBXNativeTarget;
			buildConfigurationList = 3E6AD1F42A486218005CF948 /* Build configuration list for PBXNativeTarget "TODOList" */;
			buildPhases = (
				3E6AD1CC2A486215005CF948 /* Sources */,
				3E6AD1CD2A486215005CF948 /* Frameworks */,
				3E6AD1CE2A486215005CF948 /* Resources */,
			);
			buildRules = (
			);
			dependencies = (
			);
			name = TODOList;
			packageProductDependencies = (
				3E6AD1FE2A486470005CF948 /* FirebaseAuth */,
				3E6AD2002A486470005CF948 /* FirebaseFirestore */,
				3E6AD2022A486470005CF948 /* FirebaseFirestoreSwift */,
			);
			productName = TODOList;
			productReference = 3E6AD1D02A486215005CF948 /* TODOList.app */;
			productType = "com.apple.product-type.application";
		};
		3E6AD1DF2A486218005CF948 /* TODOListTests */ = {
			isa = PBXNativeTarget;
			buildConfigurationList = 3E6AD1F72A486218005CF948 /* Build configuration list for PBXNativeTarget "TODOListTests" */;
			buildPhases = (
				3E6AD1DC2A486218005CF948 /* Sources */,
				3E6AD1DD2A486218005CF948 /* Frameworks */,
				3E6AD1DE2A486218005CF948 /* Resources */,
			);
			buildRules = (
			);
			dependencies = (
				3E6AD1E22A486218005CF948 /* PBXTargetDependency */,
			);
			name = TODOListTests;
			productName = TODOListTests;
			productReference = 3E6AD1E02A486218005CF948 /* TODOListTests.xctest */;
			productType = "com.apple.product-type.bundle.unit-test";
		};
		3E6AD1E92A486218005CF948 /* TODOListUITests */ = {
			isa = PBXNativeTarget;
			buildConfigurationList = 3E6AD1FA2A486218005CF948 /* Build configuration list for PBXNativeTarget "TODOListUITests" */;
			buildPhases = (
				3E6AD1E62A486218005CF948 /* Sources */,
				3E6AD1E72A486218005CF948 /* Frameworks */,
				3E6AD1E82A486218005CF948 /* Resources */,
			);
			buildRules = (
			);
			dependencies = (
				3E6AD1EC2A486218005CF948 /* PBXTargetDependency */,
			);
			name = TODOListUITests;
			productName = TODOListUITests;
			productReference = 3E6AD1EA2A486218005CF948 /* TODOListUITests.xctest */;
			productType = "com.apple.product-type.bundle.ui-testing";
		};
/* End PBXNativeTarget section */

/* Begin PBXProject section */
		3E6AD1C82A486215005CF948 /* Project object */ = {
			isa = PBXProject;
			attributes = {
				BuildIndependentTargetsInParallel = 1;
				LastSwiftUpdateCheck = 1420;
				LastUpgradeCheck = 1420;
				TargetAttributes = {
					3E6AD1CF2A486215005CF948 = {
						CreatedOnToolsVersion = 14.2;
					};
					3E6AD1DF2A486218005CF948 = {
						CreatedOnToolsVersion = 14.2;
						TestTargetID = 3E6AD1CF2A486215005CF948;
					};
					3E6AD1E92A486218005CF948 = {
						CreatedOnToolsVersion = 14.2;
						TestTargetID = 3E6AD1CF2A486215005CF948;
					};
				};
			};
			buildConfigurationList = 3E6AD1CB2A486215005CF948 /* Build configuration list for PBXProject "TODOList" */;
			compatibilityVersion = "Xcode 14.0";
			developmentRegion = en;
			hasScannedForEncodings = 0;
			knownRegions = (
				en,
				Base,
			);
			mainGroup = 3E6AD1C72A486215005CF948;
			packageReferences = (
				3E6AD1FD2A48646F005CF948 /* XCRemoteSwiftPackageReference "firebase-ios-sdk" */,
			);
			productRefGroup = 3E6AD1D12A486215005CF948 /* Products */;
			projectDirPath = "";
			projectRoot = "";
			targets = (
				3E6AD1CF2A486215005CF948 /* TODOList */,
				3E6AD1DF2A486218005CF948 /* TODOListTests */,
				3E6AD1E92A486218005CF948 /* TODOListUITests */,
			);
		};
/* End PBXProject section */

/* Begin PBXResourcesBuildPhase section */
		3E6AD1CE2A486215005CF948 /* Resources */ = {
			isa = PBXResourcesBuildPhase;
			buildActionMask = 2147483647;
			files = (
				3E6944462A4B5875001932FC /* register.png in Resources */,
				3E6AD1DB2A486218005CF948 /* Preview Assets.xcassets in Resources */,
				3E6944452A4B5875001932FC /* login.png in Resources */,
				3E6AD1D82A486218005CF948 /* Assets.xcassets in Resources */,
				3E6AD2052A4866A6005CF948 /* GoogleService-Info.plist in Resources */,
				3E6944402A4B56FD001932FC /* newItem.png in Resources */,
				3E6944422A4B5807001932FC /* todolist.png in Resources */,
			);
			runOnlyForDeploymentPostprocessing = 0;
		};
		3E6AD1DE2A486218005CF948 /* Resources */ = {
			isa = PBXResourcesBuildPhase;
			buildActionMask = 2147483647;
			files = (
			);
			runOnlyForDeploymentPostprocessing = 0;
		};
		3E6AD1E82A486218005CF948 /* Resources */ = {
			isa = PBXResourcesBuildPhase;
			buildActionMask = 2147483647;
			files = (
			);
			runOnlyForDeploymentPostprocessing = 0;
		};
/* End PBXResourcesBuildPhase section */

/* Begin PBXSourcesBuildPhase section */
		3E6AD1CC2A486215005CF948 /* Sources */ = {
			isa = PBXSourcesBuildPhase;
			buildActionMask = 2147483647;
			files = (
				3E6AD2112A486892005CF948 /* ToDoListView.swift in Sources */,
				3E6AD22B2A498EEE005CF948 /* NewItemViewModel.swift in Sources */,
				3E6AD2292A48BCD7005CF948 /* Extensions.swift in Sources */,
				3E6AD2132A4868FD005CF948 /* ToDoListItemView.swift in Sources */,
				3E6AD22D2A4995B1005CF948 /* NewItemView.swift in Sources */,
				3E6AD1D62A486215005CF948 /* MainView.swift in Sources */,
				3E6AD20F2A486871005CF948 /* RegisterView.swift in Sources */,
				3E6AD2252A48ACFB005CF948 /* CustomButton.swift in Sources */,
				3E6AD2152A486923005CF948 /* User.swift in Sources */,
				3E6AD2192A486957005CF948 /* MainViewModel.swift in Sources */,
				3E6AD20B2A486812005CF948 /* ProfileView.swift in Sources */,
				3E6AD21D2A48698F005CF948 /* RegisterViewModel.swift in Sources */,
				3E6AD21B2A486966005CF948 /* ProfileViewModel.swift in Sources */,
				3E6AD2272A48B0A9005CF948 /* LoginViewModel.swift in Sources */,
				3E6AD20D2A486857005CF948 /* LoginView.swift in Sources */,
				3E6AD2232A487440005CF948 /* HeaderView.swift in Sources */,
				3E6AD21F2A4869A3005CF948 /* ToDoListViewModel.swift in Sources */,
				3E6AD1D42A486215005CF948 /* TODOListApp.swift in Sources */,
				3E6AD2172A48693D005CF948 /* ToDoListItem.swift in Sources */,
				3E6AD2212A4869BA005CF948 /* ToDoListItemViewModel.swift in Sources */,
			);
			runOnlyForDeploymentPostprocessing = 0;
		};
		3E6AD1DC2A486218005CF948 /* Sources */ = {
			isa = PBXSourcesBuildPhase;
			buildActionMask = 2147483647;
			files = (
				3E6AD1E52A486218005CF948 /* TODOListTests.swift in Sources */,
			);
			runOnlyForDeploymentPostprocessing = 0;
		};
		3E6AD1E62A486218005CF948 /* Sources */ = {
			isa = PBXSourcesBuildPhase;
			buildActionMask = 2147483647;
			files = (
				3E6AD1F12A486218005CF948 /* TODOListUITestsLaunchTests.swift in Sources */,
				3E6AD1EF2A486218005CF948 /* TODOListUITests.swift in Sources */,
			);
			runOnlyForDeploymentPostprocessing = 0;
		};
/* End PBXSourcesBuildPhase section */

/* Begin PBXTargetDependency section */
		3E6AD1E22A486218005CF948 /* PBXTargetDependency */ = {
			isa = PBXTargetDependency;
			target = 3E6AD1CF2A486215005CF948 /* TODOList */;
			targetProxy = 3E6AD1E12A486218005CF948 /* PBXContainerItemProxy */;
		};
		3E6AD1EC2A486218005CF948 /* PBXTargetDependency */ = {
			isa = PBXTargetDependency;
			target = 3E6AD1CF2A486215005CF948 /* TODOList */;
			targetProxy = 3E6AD1EB2A486218005CF948 /* PBXContainerItemProxy */;
		};
/* End PBXTargetDependency section */

/* Begin XCBuildConfiguration section */
		3E6AD1F22A486218005CF948 /* Debug */ = {
			isa = XCBuildConfiguration;
			buildSettings = {
				ALWAYS_SEARCH_USER_PATHS = NO;
				CLANG_ANALYZER_NONNULL = YES;
				CLANG_ANALYZER_NUMBER_OBJECT_CONVERSION = YES_AGGRESSIVE;
				CLANG_CXX_LANGUAGE_STANDARD = "gnu++20";
				CLANG_ENABLE_MODULES = YES;
				CLANG_ENABLE_OBJC_ARC = YES;
				CLANG_ENABLE_OBJC_WEAK = YES;
				CLANG_WARN_BLOCK_CAPTURE_AUTORELEASING = YES;
				CLANG_WARN_BOOL_CONVERSION = YES;
				CLANG_WARN_COMMA = YES;
				CLANG_WARN_CONSTANT_CONVERSION = YES;
				CLANG_WARN_DEPRECATED_OBJC_IMPLEMENTATIONS = YES;
				CLANG_WARN_DIRECT_OBJC_ISA_USAGE = YES_ERROR;
				CLANG_WARN_DOCUMENTATION_COMMENTS = YES;
				CLANG_WARN_EMPTY_BODY = YES;
				CLANG_WARN_ENUM_CONVERSION = YES;
				CLANG_WARN_INFINITE_RECURSION = YES;
				CLANG_WARN_INT_CONVERSION = YES;
				CLANG_WARN_NON_LITERAL_NULL_CONVERSION = YES;
				CLANG_WARN_OBJC_IMPLICIT_RETAIN_SELF = YES;
				CLANG_WARN_OBJC_LITERAL_CONVERSION = YES;
				CLANG_WARN_OBJC_ROOT_CLASS = YES_ERROR;
				CLANG_WARN_QUOTED_INCLUDE_IN_FRAMEWORK_HEADER = YES;
				CLANG_WARN_RANGE_LOOP_ANALYSIS = YES;
				CLANG_WARN_STRICT_PROTOTYPES = YES;
				CLANG_WARN_SUSPICIOUS_MOVE = YES;
				CLANG_WARN_UNGUARDED_AVAILABILITY = YES_AGGRESSIVE;
				CLANG_WARN_UNREACHABLE_CODE = YES;
				CLANG_WARN__DUPLICATE_METHOD_MATCH = YES;
				COPY_PHASE_STRIP = NO;
				DEBUG_INFORMATION_FORMAT = dwarf;
				ENABLE_STRICT_OBJC_MSGSEND = YES;
				ENABLE_TESTABILITY = YES;
				GCC_C_LANGUAGE_STANDARD = gnu11;
				GCC_DYNAMIC_NO_PIC = NO;
				GCC_NO_COMMON_BLOCKS = YES;
				GCC_OPTIMIZATION_LEVEL = 0;
				GCC_PREPROCESSOR_DEFINITIONS = (
					"DEBUG=1",
					"$(inherited)",
				);
				GCC_WARN_64_TO_32_BIT_CONVERSION = YES;
				GCC_WARN_ABOUT_RETURN_TYPE = YES_ERROR;
				GCC_WARN_UNDECLARED_SELECTOR = YES;
				GCC_WARN_UNINITIALIZED_AUTOS = YES_AGGRESSIVE;
				GCC_WARN_UNUSED_FUNCTION = YES;
				GCC_WARN_UNUSED_VARIABLE = YES;
				IPHONEOS_DEPLOYMENT_TARGET = 16.2;
				MTL_ENABLE_DEBUG_INFO = INCLUDE_SOURCE;
				MTL_FAST_MATH = YES;
				ONLY_ACTIVE_ARCH = YES;
				SDKROOT = iphoneos;
				SWIFT_ACTIVE_COMPILATION_CONDITIONS = DEBUG;
				SWIFT_OPTIMIZATION_LEVEL = "-Onone";
			};
			name = Debug;
		};
		3E6AD1F32A486218005CF948 /* Release */ = {
			isa = XCBuildConfiguration;
			buildSettings = {
				ALWAYS_SEARCH_USER_PATHS = NO;
				CLANG_ANALYZER_NONNULL = YES;
				CLANG_ANALYZER_NUMBER_OBJECT_CONVERSION = YES_AGGRESSIVE;
				CLANG_CXX_LANGUAGE_STANDARD = "gnu++20";
				CLANG_ENABLE_MODULES = YES;
				CLANG_ENABLE_OBJC_ARC = YES;
				CLANG_ENABLE_OBJC_WEAK = YES;
				CLANG_WARN_BLOCK_CAPTURE_AUTORELEASING = YES;
				CLANG_WARN_BOOL_CONVERSION = YES;
				CLANG_WARN_COMMA = YES;
				CLANG_WARN_CONSTANT_CONVERSION = YES;
				CLANG_WARN_DEPRECATED_OBJC_IMPLEMENTATIONS = YES;
				CLANG_WARN_DIRECT_OBJC_ISA_USAGE = YES_ERROR;
				CLANG_WARN_DOCUMENTATION_COMMENTS = YES;
				CLANG_WARN_EMPTY_BODY = YES;
				CLANG_WARN_ENUM_CONVERSION = YES;
				CLANG_WARN_INFINITE_RECURSION = YES;
				CLANG_WARN_INT_CONVERSION = YES;
				CLANG_WARN_NON_LITERAL_NULL_CONVERSION = YES;
				CLANG_WARN_OBJC_IMPLICIT_RETAIN_SELF = YES;
				CLANG_WARN_OBJC_LITERAL_CONVERSION = YES;
				CLANG_WARN_OBJC_ROOT_CLASS = YES_ERROR;
				CLANG_WARN_QUOTED_INCLUDE_IN_FRAMEWORK_HEADER = YES;
				CLANG_WARN_RANGE_LOOP_ANALYSIS = YES;
				CLANG_WARN_STRICT_PROTOTYPES = YES;
				CLANG_WARN_SUSPICIOUS_MOVE = YES;
				CLANG_WARN_UNGUARDED_AVAILABILITY = YES_AGGRESSIVE;
				CLANG_WARN_UNREACHABLE_CODE = YES;
				CLANG_WARN__DUPLICATE_METHOD_MATCH = YES;
				COPY_PHASE_STRIP = NO;
				DEBUG_INFORMATION_FORMAT = "dwarf-with-dsym";
				ENABLE_NS_ASSERTIONS = NO;
				ENABLE_STRICT_OBJC_MSGSEND = YES;
				GCC_C_LANGUAGE_STANDARD = gnu11;
				GCC_NO_COMMON_BLOCKS = YES;
				GCC_WARN_64_TO_32_BIT_CONVERSION = YES;
				GCC_WARN_ABOUT_RETURN_TYPE = YES_ERROR;
				GCC_WARN_UNDECLARED_SELECTOR = YES;
				GCC_WARN_UNINITIALIZED_AUTOS = YES_AGGRESSIVE;
				GCC_WARN_UNUSED_FUNCTION = YES;
				GCC_WARN_UNUSED_VARIABLE = YES;
				IPHONEOS_DEPLOYMENT_TARGET = 16.2;
				MTL_ENABLE_DEBUG_INFO = NO;
				MTL_FAST_MATH = YES;
				SDKROOT = iphoneos;
				SWIFT_COMPILATION_MODE = wholemodule;
				SWIFT_OPTIMIZATION_LEVEL = "-O";
				VALIDATE_PRODUCT = YES;
			};
			name = Release;
		};
		3E6AD1F52A486218005CF948 /* Debug */ = {
			isa = XCBuildConfiguration;
			buildSettings = {
				ASSETCATALOG_COMPILER_APPICON_NAME = AppIcon;
				ASSETCATALOG_COMPILER_GLOBAL_ACCENT_COLOR_NAME = AccentColor;
				CODE_SIGN_STYLE = Automatic;
				CURRENT_PROJECT_VERSION = 1;
				DEVELOPMENT_ASSET_PATHS = "\"TODOList/Preview Content\"";
				ENABLE_PREVIEWS = YES;
				GENERATE_INFOPLIST_FILE = YES;
				INFOPLIST_KEY_CFBundleDisplayName = "To Do List";
				INFOPLIST_KEY_UIApplicationSceneManifest_Generation = YES;
				INFOPLIST_KEY_UIApplicationSupportsIndirectInputEvents = YES;
				INFOPLIST_KEY_UILaunchScreen_Generation = YES;
				INFOPLIST_KEY_UISupportedInterfaceOrientations = UIInterfaceOrientationPortrait;
				LD_RUNPATH_SEARCH_PATHS = (
					"$(inherited)",
					"@executable_path/Frameworks",
				);
				MARKETING_VERSION = 1.0;
				PRODUCT_BUNDLE_IDENTIFIER = "raj-engineer.TODOList";
				PRODUCT_NAME = "$(TARGET_NAME)";
				SWIFT_EMIT_LOC_STRINGS = YES;
				SWIFT_VERSION = 5.0;
				TARGETED_DEVICE_FAMILY = "1,2";
			};
			name = Debug;
		};
		3E6AD1F62A486218005CF948 /* Release */ = {
			isa = XCBuildConfiguration;
			buildSettings = {
				ASSETCATALOG_COMPILER_APPICON_NAME = AppIcon;
				ASSETCATALOG_COMPILER_GLOBAL_ACCENT_COLOR_NAME = AccentColor;
				CODE_SIGN_STYLE = Automatic;
				CURRENT_PROJECT_VERSION = 1;
				DEVELOPMENT_ASSET_PATHS = "\"TODOList/Preview Content\"";
				ENABLE_PREVIEWS = YES;
				GENERATE_INFOPLIST_FILE = YES;
				INFOPLIST_KEY_CFBundleDisplayName = "To Do List";
				INFOPLIST_KEY_UIApplicationSceneManifest_Generation = YES;
				INFOPLIST_KEY_UIApplicationSupportsIndirectInputEvents = YES;
				INFOPLIST_KEY_UILaunchScreen_Generation = YES;
				INFOPLIST_KEY_UISupportedInterfaceOrientations = UIInterfaceOrientationPortrait;
				LD_RUNPATH_SEARCH_PATHS = (
					"$(inherited)",
					"@executable_path/Frameworks",
				);
				MARKETING_VERSION = 1.0;
				PRODUCT_BUNDLE_IDENTIFIER = "raj-engineer.TODOList";
				PRODUCT_NAME = "$(TARGET_NAME)";
				SWIFT_EMIT_LOC_STRINGS = YES;
				SWIFT_VERSION = 5.0;
				TARGETED_DEVICE_FAMILY = "1,2";
			};
			name = Release;
		};
		3E6AD1F82A486218005CF948 /* Debug */ = {
			isa = XCBuildConfiguration;
			buildSettings = {
				ALWAYS_EMBED_SWIFT_STANDARD_LIBRARIES = YES;
				BUNDLE_LOADER = "$(TEST_HOST)";
				CODE_SIGN_STYLE = Automatic;
				CURRENT_PROJECT_VERSION = 1;
				GENERATE_INFOPLIST_FILE = YES;
				IPHONEOS_DEPLOYMENT_TARGET = 16.2;
				MARKETING_VERSION = 1.0;
				PRODUCT_BUNDLE_IDENTIFIER = "raj-engineer.TODOListTests";
				PRODUCT_NAME = "$(TARGET_NAME)";
				SWIFT_EMIT_LOC_STRINGS = NO;
				SWIFT_VERSION = 5.0;
				TARGETED_DEVICE_FAMILY = "1,2";
				TEST_HOST = "$(BUILT_PRODUCTS_DIR)/TODOList.app/$(BUNDLE_EXECUTABLE_FOLDER_PATH)/TODOList";
			};
			name = Debug;
		};
		3E6AD1F92A486218005CF948 /* Release */ = {
			isa = XCBuildConfiguration;
			buildSettings = {
				ALWAYS_EMBED_SWIFT_STANDARD_LIBRARIES = YES;
				BUNDLE_LOADER = "$(TEST_HOST)";
				CODE_SIGN_STYLE = Automatic;
				CURRENT_PROJECT_VERSION = 1;
				GENERATE_INFOPLIST_FILE = YES;
				IPHONEOS_DEPLOYMENT_TARGET = 16.2;
				MARKETING_VERSION = 1.0;
				PRODUCT_BUNDLE_IDENTIFIER = "raj-engineer.TODOListTests";
				PRODUCT_NAME = "$(TARGET_NAME)";
				SWIFT_EMIT_LOC_STRINGS = NO;
				SWIFT_VERSION = 5.0;
				TARGETED_DEVICE_FAMILY = "1,2";
				TEST_HOST = "$(BUILT_PRODUCTS_DIR)/TODOList.app/$(BUNDLE_EXECUTABLE_FOLDER_PATH)/TODOList";
			};
			name = Release;
		};
		3E6AD1FB2A486218005CF948 /* Debug */ = {
			isa = XCBuildConfiguration;
			buildSettings = {
				ALWAYS_EMBED_SWIFT_STANDARD_LIBRARIES = YES;
				CODE_SIGN_STYLE = Automatic;
				CURRENT_PROJECT_VERSION = 1;
				GENERATE_INFOPLIST_FILE = YES;
				MARKETING_VERSION = 1.0;
				PRODUCT_BUNDLE_IDENTIFIER = "raj-engineer.TODOListUITests";
				PRODUCT_NAME = "$(TARGET_NAME)";
				SWIFT_EMIT_LOC_STRINGS = NO;
				SWIFT_VERSION = 5.0;
				TARGETED_DEVICE_FAMILY = "1,2";
				TEST_TARGET_NAME = TODOList;
			};
			name = Debug;
		};
		3E6AD1FC2A486218005CF948 /* Release */ = {
			isa = XCBuildConfiguration;
			buildSettings = {
				ALWAYS_EMBED_SWIFT_STANDARD_LIBRARIES = YES;
				CODE_SIGN_STYLE = Automatic;
				CURRENT_PROJECT_VERSION = 1;
				GENERATE_INFOPLIST_FILE = YES;
				MARKETING_VERSION = 1.0;
				PRODUCT_BUNDLE_IDENTIFIER = "raj-engineer.TODOListUITests";
				PRODUCT_NAME = "$(TARGET_NAME)";
				SWIFT_EMIT_LOC_STRINGS = NO;
				SWIFT_VERSION = 5.0;
				TARGETED_DEVICE_FAMILY = "1,2";
				TEST_TARGET_NAME = TODOList;
			};
			name = Release;
		};
/* End XCBuildConfiguration section */

/* Begin XCConfigurationList section */
		3E6AD1CB2A486215005CF948 /* Build configuration list for PBXProject "TODOList" */ = {
			isa = XCConfigurationList;
			buildConfigurations = (
				3E6AD1F22A486218005CF948 /* Debug */,
				3E6AD1F32A486218005CF948 /* Release */,
			);
			defaultConfigurationIsVisible = 0;
			defaultConfigurationName = Release;
		};
		3E6AD1F42A486218005CF948 /* Build configuration list for PBXNativeTarget "TODOList" */ = {
			isa = XCConfigurationList;
			buildConfigurations = (
				3E6AD1F52A486218005CF948 /* Debug */,
				3E6AD1F62A486218005CF948 /* Release */,
			);
			defaultConfigurationIsVisible = 0;
			defaultConfigurationName = Release;
		};
		3E6AD1F72A486218005CF948 /* Build configuration list for PBXNativeTarget "TODOListTests" */ = {
			isa = XCConfigurationList;
			buildConfigurations = (
				3E6AD1F82A486218005CF948 /* Debug */,
				3E6AD1F92A486218005CF948 /* Release */,
			);
			defaultConfigurationIsVisible = 0;
			defaultConfigurationName = Release;
		};
		3E6AD1FA2A486218005CF948 /* Build configuration list for PBXNativeTarget "TODOListUITests" */ = {
			isa = XCConfigurationList;
			buildConfigurations = (
				3E6AD1FB2A486218005CF948 /* Debug */,
				3E6AD1FC2A486218005CF948 /* Release */,
			);
			defaultConfigurationIsVisible = 0;
			defaultConfigurationName = Release;
		};
/* End XCConfigurationList section */

/* Begin XCRemoteSwiftPackageReference section */
		3E6AD1FD2A48646F005CF948 /* XCRemoteSwiftPackageReference "firebase-ios-sdk" */ = {
			isa = XCRemoteSwiftPackageReference;
			repositoryURL = "https://github.com/firebase/firebase-ios-sdk";
			requirement = {
				kind = upToNextMajorVersion;
				minimumVersion = 9.0.0;
			};
		};
/* End XCRemoteSwiftPackageReference section */

/* Begin XCSwiftPackageProductDependency section */
		3E6AD1FE2A486470005CF948 /* FirebaseAuth */ = {
			isa = XCSwiftPackageProductDependency;
			package = 3E6AD1FD2A48646F005CF948 /* XCRemoteSwiftPackageReference "firebase-ios-sdk" */;
			productName = FirebaseAuth;
		};
		3E6AD2002A486470005CF948 /* FirebaseFirestore */ = {
			isa = XCSwiftPackageProductDependency;
			package = 3E6AD1FD2A48646F005CF948 /* XCRemoteSwiftPackageReference "firebase-ios-sdk" */;
			productName = FirebaseFirestore;
		};
		3E6AD2022A486470005CF948 /* FirebaseFirestoreSwift */ = {
			isa = XCSwiftPackageProductDependency;
			package = 3E6AD1FD2A48646F005CF948 /* XCRemoteSwiftPackageReference "firebase-ios-sdk" */;
			productName = FirebaseFirestoreSwift;
		};
/* End XCSwiftPackageProductDependency section */
	};
	rootObject = 3E6AD1C82A486215005CF948 /* Project object */;
}
